// !$*UTF8*$!
{
	archiveVersion = 1;
	classes = {
	};
	objectVersion = 56;
	objects = {

/* Begin PBXBuildFile section */
		8A394FE62A0A46BC0057D3F8 /* ScrumdingerApp.swift in Sources */ = {isa = PBXBuildFile; fileRef = 8A394FE52A0A46BC0057D3F8 /* ScrumdingerApp.swift */; };
		8A394FE82A0A46BC0057D3F8 /* MeetingView.swift in Sources */ = {isa = PBXBuildFile; fileRef = 8A394FE72A0A46BC0057D3F8 /* MeetingView.swift */; };
		8A394FED2A0A46BE0057D3F8 /* Preview Assets.xcassets in Resources */ = {isa = PBXBuildFile; fileRef = 8A394FEC2A0A46BE0057D3F8 /* Preview Assets.xcassets */; };
		8A394FF72A0A46BE0057D3F8 /* ScrumdingerTests.swift in Sources */ = {isa = PBXBuildFile; fileRef = 8A394FF62A0A46BE0057D3F8 /* ScrumdingerTests.swift */; };
		8A3950012A0A46BE0057D3F8 /* ScrumdingerUITests.swift in Sources */ = {isa = PBXBuildFile; fileRef = 8A3950002A0A46BE0057D3F8 /* ScrumdingerUITests.swift */; };
		8A3950032A0A46BE0057D3F8 /* ScrumdingerUITestsLaunchTests.swift in Sources */ = {isa = PBXBuildFile; fileRef = 8A3950022A0A46BE0057D3F8 /* ScrumdingerUITestsLaunchTests.swift */; };
		8A3950112A0A4F500057D3F8 /* Theme.swift in Sources */ = {isa = PBXBuildFile; fileRef = 8A3950102A0A4F500057D3F8 /* Theme.swift */; };
		8A3950132A0A504E0057D3F8 /* DailyScrum.swift in Sources */ = {isa = PBXBuildFile; fileRef = 8A3950122A0A504E0057D3F8 /* DailyScrum.swift */; };
		8A3950152A0A51BC0057D3F8 /* CardView.swift in Sources */ = {isa = PBXBuildFile; fileRef = 8A3950142A0A51BC0057D3F8 /* CardView.swift */; };
		8A3950172A0A61250057D3F8 /* TrailingIconLabelStyle.swift in Sources */ = {isa = PBXBuildFile; fileRef = 8A3950162A0A61250057D3F8 /* TrailingIconLabelStyle.swift */; };
		8A3950192A0A63990057D3F8 /* ScrumsView.swift in Sources */ = {isa = PBXBuildFile; fileRef = 8A3950182A0A63990057D3F8 /* ScrumsView.swift */; };
		8AC1131E2A0A76D500D41DFE /* DetailView.swift in Sources */ = {isa = PBXBuildFile; fileRef = 8AC1131D2A0A76D500D41DFE /* DetailView.swift */; };
		8AC113202A0A8AF400D41DFE /* DetailEditView.swift in Sources */ = {isa = PBXBuildFile; fileRef = 8AC1131F2A0A8AF400D41DFE /* DetailEditView.swift */; };
		8AC113222A0A924100D41DFE /* ThemeView.swift in Sources */ = {isa = PBXBuildFile; fileRef = 8AC113212A0A924100D41DFE /* ThemeView.swift */; };
		8AC113252A0A939D00D41DFE /* ThemePicker.swift in Sources */ = {isa = PBXBuildFile; fileRef = 8AC113242A0A939D00D41DFE /* ThemePicker.swift */; };
		8AC113272A0A9A5100D41DFE /* MeetingHeaderView.swift in Sources */ = {isa = PBXBuildFile; fileRef = 8AC113262A0A9A5100D41DFE /* MeetingHeaderView.swift */; };
		8AC113292A0A9C5000D41DFE /* Assets.xcassets in Resources */ = {isa = PBXBuildFile; fileRef = 8AC113282A0A9C5000D41DFE /* Assets.xcassets */; };
		8AC1132B2A0A9C9000D41DFE /* ScrumProgressViewStyle.swift in Sources */ = {isa = PBXBuildFile; fileRef = 8AC1132A2A0A9C9000D41DFE /* ScrumProgressViewStyle.swift */; };
		8AC1132F2A0A9D3A00D41DFE /* ScrumTimer.swift in Sources */ = {isa = PBXBuildFile; fileRef = 8AC1132E2A0A9D3A00D41DFE /* ScrumTimer.swift */; };
		8AC113312A0A9E4500D41DFE /* MeetingFooterView.swift in Sources */ = {isa = PBXBuildFile; fileRef = 8AC113302A0A9E4500D41DFE /* MeetingFooterView.swift */; };
		8AC113332A0AA0CE00D41DFE /* AVPlayer+Ding.swift in Sources */ = {isa = PBXBuildFile; fileRef = 8AC113322A0AA0CE00D41DFE /* AVPlayer+Ding.swift */; };
		8AC113352A0ABD2400D41DFE /* NewScrumSheet.swift in Sources */ = {isa = PBXBuildFile; fileRef = 8AC113342A0ABD2400D41DFE /* NewScrumSheet.swift */; };
		8AC113372A0AC03300D41DFE /* History.swift in Sources */ = {isa = PBXBuildFile; fileRef = 8AC113362A0AC03300D41DFE /* History.swift */; };
/* End PBXBuildFile section */

/* Begin PBXContainerItemProxy section */
		8A394FF32A0A46BE0057D3F8 /* PBXContainerItemProxy */ = {
			isa = PBXContainerItemProxy;
			containerPortal = 8A394FDA2A0A46BC0057D3F8 /* Project object */;
			proxyType = 1;
			remoteGlobalIDString = 8A394FE12A0A46BC0057D3F8;
			remoteInfo = Scrumdinger;
		};
		8A394FFD2A0A46BE0057D3F8 /* PBXContainerItemProxy */ = {
			isa = PBXContainerItemProxy;
			containerPortal = 8A394FDA2A0A46BC0057D3F8 /* Project object */;
			proxyType = 1;
			remoteGlobalIDString = 8A394FE12A0A46BC0057D3F8;
			remoteInfo = Scrumdinger;
		};
/* End PBXContainerItemProxy section */

/* Begin PBXFileReference section */
		8A394FE22A0A46BC0057D3F8 /* Scrumdinger.app */ = {isa = PBXFileReference; explicitFileType = wrapper.application; includeInIndex = 0; path = Scrumdinger.app; sourceTree = BUILT_PRODUCTS_DIR; };
		8A394FE52A0A46BC0057D3F8 /* ScrumdingerApp.swift */ = {isa = PBXFileReference; lastKnownFileType = sourcecode.swift; path = ScrumdingerApp.swift; sourceTree = "<group>"; };
		8A394FE72A0A46BC0057D3F8 /* MeetingView.swift */ = {isa = PBXFileReference; lastKnownFileType = sourcecode.swift; path = MeetingView.swift; sourceTree = "<group>"; };
		8A394FEC2A0A46BE0057D3F8 /* Preview Assets.xcassets */ = {isa = PBXFileReference; lastKnownFileType = folder.assetcatalog; path = "Preview Assets.xcassets"; sourceTree = "<group>"; };
		8A394FF22A0A46BE0057D3F8 /* ScrumdingerTests.xctest */ = {isa = PBXFileReference; explicitFileType = wrapper.cfbundle; includeInIndex = 0; path = ScrumdingerTests.xctest; sourceTree = BUILT_PRODUCTS_DIR; };
		8A394FF62A0A46BE0057D3F8 /* ScrumdingerTests.swift */ = {isa = PBXFileReference; lastKnownFileType = sourcecode.swift; path = ScrumdingerTests.swift; sourceTree = "<group>"; };
		8A394FFC2A0A46BE0057D3F8 /* ScrumdingerUITests.xctest */ = {isa = PBXFileReference; explicitFileType = wrapper.cfbundle; includeInIndex = 0; path = ScrumdingerUITests.xctest; sourceTree = BUILT_PRODUCTS_DIR; };
		8A3950002A0A46BE0057D3F8 /* ScrumdingerUITests.swift */ = {isa = PBXFileReference; lastKnownFileType = sourcecode.swift; path = ScrumdingerUITests.swift; sourceTree = "<group>"; };
		8A3950022A0A46BE0057D3F8 /* ScrumdingerUITestsLaunchTests.swift */ = {isa = PBXFileReference; lastKnownFileType = sourcecode.swift; path = ScrumdingerUITestsLaunchTests.swift; sourceTree = "<group>"; };
		8A3950102A0A4F500057D3F8 /* Theme.swift */ = {isa = PBXFileReference; lastKnownFileType = sourcecode.swift; path = Theme.swift; sourceTree = "<group>"; };
		8A3950122A0A504E0057D3F8 /* DailyScrum.swift */ = {isa = PBXFileReference; lastKnownFileType = sourcecode.swift; path = DailyScrum.swift; sourceTree = "<group>"; };
		8A3950142A0A51BC0057D3F8 /* CardView.swift */ = {isa = PBXFileReference; lastKnownFileType = sourcecode.swift; path = CardView.swift; sourceTree = "<group>"; };
		8A3950162A0A61250057D3F8 /* TrailingIconLabelStyle.swift */ = {isa = PBXFileReference; lastKnownFileType = sourcecode.swift; path = TrailingIconLabelStyle.swift; sourceTree = "<group>"; };
		8A3950182A0A63990057D3F8 /* ScrumsView.swift */ = {isa = PBXFileReference; lastKnownFileType = sourcecode.swift; path = ScrumsView.swift; sourceTree = "<group>"; };
		8AC1131D2A0A76D500D41DFE /* DetailView.swift */ = {isa = PBXFileReference; lastKnownFileType = sourcecode.swift; path = DetailView.swift; sourceTree = "<group>"; };
		8AC1131F2A0A8AF400D41DFE /* DetailEditView.swift */ = {isa = PBXFileReference; lastKnownFileType = sourcecode.swift; path = DetailEditView.swift; sourceTree = "<group>"; };
		8AC113212A0A924100D41DFE /* ThemeView.swift */ = {isa = PBXFileReference; lastKnownFileType = sourcecode.swift; path = ThemeView.swift; sourceTree = "<group>"; };
		8AC113242A0A939D00D41DFE /* ThemePicker.swift */ = {isa = PBXFileReference; lastKnownFileType = sourcecode.swift; path = ThemePicker.swift; sourceTree = "<group>"; };
		8AC113262A0A9A5100D41DFE /* MeetingHeaderView.swift */ = {isa = PBXFileReference; lastKnownFileType = sourcecode.swift; path = MeetingHeaderView.swift; sourceTree = "<group>"; };
		8AC113282A0A9C5000D41DFE /* Assets.xcassets */ = {isa = PBXFileReference; lastKnownFileType = folder.assetcatalog; name = Assets.xcassets; path = ../../../Downloads/ManagingStateAndLifeCycle/Complete/Scrumdinger/Assets.xcassets; sourceTree = "<group>"; };
		8AC1132A2A0A9C9000D41DFE /* ScrumProgressViewStyle.swift */ = {isa = PBXFileReference; fileEncoding = 4; lastKnownFileType = sourcecode.swift; name = ScrumProgressViewStyle.swift; path = ../../../../Downloads/ManagingStateAndLifeCycle/Complete/Scrumdinger/Views/ScrumProgressViewStyle.swift; sourceTree = "<group>"; };
		8AC1132E2A0A9D3A00D41DFE /* ScrumTimer.swift */ = {isa = PBXFileReference; lastKnownFileType = sourcecode.swift; path = ScrumTimer.swift; sourceTree = "<group>"; };
		8AC113302A0A9E4500D41DFE /* MeetingFooterView.swift */ = {isa = PBXFileReference; lastKnownFileType = sourcecode.swift; path = MeetingFooterView.swift; sourceTree = "<group>"; };
		8AC113322A0AA0CE00D41DFE /* AVPlayer+Ding.swift */ = {isa = PBXFileReference; fileEncoding = 4; lastKnownFileType = sourcecode.swift; name = "AVPlayer+Ding.swift"; path = "../../../../Downloads/ManagingStateAndLifeCycle/Complete/Scrumdinger/Models/AVPlayer+Ding.swift"; sourceTree = "<group>"; };
		8AC113342A0ABD2400D41DFE /* NewScrumSheet.swift */ = {isa = PBXFileReference; lastKnownFileType = sourcecode.swift; path = NewScrumSheet.swift; sourceTree = "<group>"; };
		8AC113362A0AC03300D41DFE /* History.swift */ = {isa = PBXFileReference; lastKnownFileType = sourcecode.swift; path = History.swift; sourceTree = "<group>"; };
/* End PBXFileReference section */

/* Begin PBXFrameworksBuildPhase section */
		8A394FDF2A0A46BC0057D3F8 /* Frameworks */ = {
			isa = PBXFrameworksBuildPhase;
			buildActionMask = 2147483647;
			files = (
			);
			runOnlyForDeploymentPostprocessing = 0;
		};
		8A394FEF2A0A46BE0057D3F8 /* Frameworks */ = {
			isa = PBXFrameworksBuildPhase;
			buildActionMask = 2147483647;
			files = (
			);
			runOnlyForDeploymentPostprocessing = 0;
		};
		8A394FF92A0A46BE0057D3F8 /* Frameworks */ = {
			isa = PBXFrameworksBuildPhase;
			buildActionMask = 2147483647;
			files = (
			);
			runOnlyForDeploymentPostprocessing = 0;
		};
/* End PBXFrameworksBuildPhase section */

/* Begin PBXGroup section */
		8A394FD92A0A46BC0057D3F8 = {
			isa = PBXGroup;
			children = (
				8A394FE42A0A46BC0057D3F8 /* Scrumdinger */,
				8A394FF52A0A46BE0057D3F8 /* ScrumdingerTests */,
				8A394FFF2A0A46BE0057D3F8 /* ScrumdingerUITests */,
				8A394FE32A0A46BC0057D3F8 /* Products */,
			);
			sourceTree = "<group>";
		};
		8A394FE32A0A46BC0057D3F8 /* Products */ = {
			isa = PBXGroup;
			children = (
				8A394FE22A0A46BC0057D3F8 /* Scrumdinger.app */,
				8A394FF22A0A46BE0057D3F8 /* ScrumdingerTests.xctest */,
				8A394FFC2A0A46BE0057D3F8 /* ScrumdingerUITests.xctest */,
			);
			name = Products;
			sourceTree = "<group>";
		};
		8A394FE42A0A46BC0057D3F8 /* Scrumdinger */ = {
			isa = PBXGroup;
			children = (
				8AC113282A0A9C5000D41DFE /* Assets.xcassets */,
				8AC113232A0A937100D41DFE /* Views */,
				8A39500F2A0A4F220057D3F8 /* Models */,
				8A394FE52A0A46BC0057D3F8 /* ScrumdingerApp.swift */,
				8A394FEB2A0A46BE0057D3F8 /* Preview Content */,
			);
			path = Scrumdinger;
			sourceTree = "<group>";
		};
		8A394FEB2A0A46BE0057D3F8 /* Preview Content */ = {
			isa = PBXGroup;
			children = (
				8A394FEC2A0A46BE0057D3F8 /* Preview Assets.xcassets */,
			);
			path = "Preview Content";
			sourceTree = "<group>";
		};
		8A394FF52A0A46BE0057D3F8 /* ScrumdingerTests */ = {
			isa = PBXGroup;
			children = (
				8A394FF62A0A46BE0057D3F8 /* ScrumdingerTests.swift */,
			);
			path = ScrumdingerTests;
			sourceTree = "<group>";
		};
		8A394FFF2A0A46BE0057D3F8 /* ScrumdingerUITests */ = {
			isa = PBXGroup;
			children = (
				8A3950002A0A46BE0057D3F8 /* ScrumdingerUITests.swift */,
				8A3950022A0A46BE0057D3F8 /* ScrumdingerUITestsLaunchTests.swift */,
			);
			path = ScrumdingerUITests;
			sourceTree = "<group>";
		};
		8A39500F2A0A4F220057D3F8 /* Models */ = {
			isa = PBXGroup;
			children = (
				8A3950162A0A61250057D3F8 /* TrailingIconLabelStyle.swift */,
				8AC1132E2A0A9D3A00D41DFE /* ScrumTimer.swift */,
				8A3950102A0A4F500057D3F8 /* Theme.swift */,
				8AC113322A0AA0CE00D41DFE /* AVPlayer+Ding.swift */,
				8A3950122A0A504E0057D3F8 /* DailyScrum.swift */,
				8AC113362A0AC03300D41DFE /* History.swift */,
			);
			path = Models;
			sourceTree = "<group>";
		};
		8AC113232A0A937100D41DFE /* Views */ = {
			isa = PBXGroup;
			children = (
				8AC113262A0A9A5100D41DFE /* MeetingHeaderView.swift */,
				8AC1131F2A0A8AF400D41DFE /* DetailEditView.swift */,
				8A394FE72A0A46BC0057D3F8 /* MeetingView.swift */,
				8A3950142A0A51BC0057D3F8 /* CardView.swift */,
				8AC1132A2A0A9C9000D41DFE /* ScrumProgressViewStyle.swift */,
				8A3950182A0A63990057D3F8 /* ScrumsView.swift */,
				8AC1131D2A0A76D500D41DFE /* DetailView.swift */,
				8AC113212A0A924100D41DFE /* ThemeView.swift */,
				8AC113242A0A939D00D41DFE /* ThemePicker.swift */,
				8AC113302A0A9E4500D41DFE /* MeetingFooterView.swift */,
				8AC113342A0ABD2400D41DFE /* NewScrumSheet.swift */,
			);
			path = Views;
			sourceTree = "<group>";
		};
/* End PBXGroup section */

/* Begin PBXNativeTarget section */
		8A394FE12A0A46BC0057D3F8 /* Scrumdinger */ = {
			isa = PBXNativeTarget;
			buildConfigurationList = 8A3950062A0A46BE0057D3F8 /* Build configuration list for PBXNativeTarget "Scrumdinger" */;
			buildPhases = (
				8A394FDE2A0A46BC0057D3F8 /* Sources */,
				8A394FDF2A0A46BC0057D3F8 /* Frameworks */,
				8A394FE02A0A46BC0057D3F8 /* Resources */,
			);
			buildRules = (
			);
			dependencies = (
			);
			name = Scrumdinger;
			productName = Scrumdinger;
			productReference = 8A394FE22A0A46BC0057D3F8 /* Scrumdinger.app */;
			productType = "com.apple.product-type.application";
		};
		8A394FF12A0A46BE0057D3F8 /* ScrumdingerTests */ = {
			isa = PBXNativeTarget;
			buildConfigurationList = 8A3950092A0A46BE0057D3F8 /* Build configuration list for PBXNativeTarget "ScrumdingerTests" */;
			buildPhases = (
				8A394FEE2A0A46BE0057D3F8 /* Sources */,
				8A394FEF2A0A46BE0057D3F8 /* Frameworks */,
				8A394FF02A0A46BE0057D3F8 /* Resources */,
			);
			buildRules = (
			);
			dependencies = (
				8A394FF42A0A46BE0057D3F8 /* PBXTargetDependency */,
			);
			name = ScrumdingerTests;
			productName = ScrumdingerTests;
			productReference = 8A394FF22A0A46BE0057D3F8 /* ScrumdingerTests.xctest */;
			productType = "com.apple.product-type.bundle.unit-test";
		};
		8A394FFB2A0A46BE0057D3F8 /* ScrumdingerUITests */ = {
			isa = PBXNativeTarget;
			buildConfigurationList = 8A39500C2A0A46BE0057D3F8 /* Build configuration list for PBXNativeTarget "ScrumdingerUITests" */;
			buildPhases = (
				8A394FF82A0A46BE0057D3F8 /* Sources */,
				8A394FF92A0A46BE0057D3F8 /* Frameworks */,
				8A394FFA2A0A46BE0057D3F8 /* Resources */,
			);
			buildRules = (
			);
			dependencies = (
				8A394FFE2A0A46BE0057D3F8 /* PBXTargetDependency */,
			);
			name = ScrumdingerUITests;
			productName = ScrumdingerUITests;
			productReference = 8A394FFC2A0A46BE0057D3F8 /* ScrumdingerUITests.xctest */;
			productType = "com.apple.product-type.bundle.ui-testing";
		};
/* End PBXNativeTarget section */

/* Begin PBXProject section */
		8A394FDA2A0A46BC0057D3F8 /* Project object */ = {
			isa = PBXProject;
			attributes = {
				BuildIndependentTargetsInParallel = 1;
				LastSwiftUpdateCheck = 1420;
				LastUpgradeCheck = 1420;
				TargetAttributes = {
					8A394FE12A0A46BC0057D3F8 = {
						CreatedOnToolsVersion = 14.2;
					};
					8A394FF12A0A46BE0057D3F8 = {
						CreatedOnToolsVersion = 14.2;
						TestTargetID = 8A394FE12A0A46BC0057D3F8;
					};
					8A394FFB2A0A46BE0057D3F8 = {
						CreatedOnToolsVersion = 14.2;
						TestTargetID = 8A394FE12A0A46BC0057D3F8;
					};
				};
			};
			buildConfigurationList = 8A394FDD2A0A46BC0057D3F8 /* Build configuration list for PBXProject "Scrumdinger" */;
			compatibilityVersion = "Xcode 14.0";
			developmentRegion = en;
			hasScannedForEncodings = 0;
			knownRegions = (
				en,
				Base,
			);
			mainGroup = 8A394FD92A0A46BC0057D3F8;
			productRefGroup = 8A394FE32A0A46BC0057D3F8 /* Products */;
			projectDirPath = "";
			projectRoot = "";
			targets = (
				8A394FE12A0A46BC0057D3F8 /* Scrumdinger */,
				8A394FF12A0A46BE0057D3F8 /* ScrumdingerTests */,
				8A394FFB2A0A46BE0057D3F8 /* ScrumdingerUITests */,
			);
		};
/* End PBXProject section */

/* Begin PBXResourcesBuildPhase section */
		8A394FE02A0A46BC0057D3F8 /* Resources */ = {
			isa = PBXResourcesBuildPhase;
			buildActionMask = 2147483647;
			files = (
				8A394FED2A0A46BE0057D3F8 /* Preview Assets.xcassets in Resources */,
				8AC113292A0A9C5000D41DFE /* Assets.xcassets in Resources */,
			);
			runOnlyForDeploymentPostprocessing = 0;
		};
		8A394FF02A0A46BE0057D3F8 /* Resources */ = {
			isa = PBXResourcesBuildPhase;
			buildActionMask = 2147483647;
			files = (
			);
			runOnlyForDeploymentPostprocessing = 0;
		};
		8A394FFA2A0A46BE0057D3F8 /* Resources */ = {
			isa = PBXResourcesBuildPhase;
			buildActionMask = 2147483647;
			files = (
			);
			runOnlyForDeploymentPostprocessing = 0;
		};
/* End PBXResourcesBuildPhase section */

/* Begin PBXSourcesBuildPhase section */
		8A394FDE2A0A46BC0057D3F8 /* Sources */ = {
			isa = PBXSourcesBuildPhase;
			buildActionMask = 2147483647;
			files = (
				8AC113372A0AC03300D41DFE /* History.swift in Sources */,
				8AC113252A0A939D00D41DFE /* ThemePicker.swift in Sources */,
				8AC1132B2A0A9C9000D41DFE /* ScrumProgressViewStyle.swift in Sources */,
				8AC113312A0A9E4500D41DFE /* MeetingFooterView.swift in Sources */,
				8A3950132A0A504E0057D3F8 /* DailyScrum.swift in Sources */,
				8AC1131E2A0A76D500D41DFE /* DetailView.swift in Sources */,
				8AC113272A0A9A5100D41DFE /* MeetingHeaderView.swift in Sources */,
				8AC113202A0A8AF400D41DFE /* DetailEditView.swift in Sources */,
				8A3950172A0A61250057D3F8 /* TrailingIconLabelStyle.swift in Sources */,
				8AC113352A0ABD2400D41DFE /* NewScrumSheet.swift in Sources */,
				8A3950112A0A4F500057D3F8 /* Theme.swift in Sources */,
				8AC1132F2A0A9D3A00D41DFE /* ScrumTimer.swift in Sources */,
				8A3950192A0A63990057D3F8 /* ScrumsView.swift in Sources */,
				8A394FE82A0A46BC0057D3F8 /* MeetingView.swift in Sources */,
				8A394FE62A0A46BC0057D3F8 /* ScrumdingerApp.swift in Sources */,
				8AC113222A0A924100D41DFE /* ThemeView.swift in Sources */,
				8A3950152A0A51BC0057D3F8 /* CardView.swift in Sources */,
				8AC113332A0AA0CE00D41DFE /* AVPlayer+Ding.swift in Sources */,
			);
			runOnlyForDeploymentPostprocessing = 0;
		};
		8A394FEE2A0A46BE0057D3F8 /* Sources */ = {
			isa = PBXSourcesBuildPhase;
			buildActionMask = 2147483647;
			files = (
				8A394FF72A0A46BE0057D3F8 /* ScrumdingerTests.swift in Sources */,
			);
			runOnlyForDeploymentPostprocessing = 0;
		};
		8A394FF82A0A46BE0057D3F8 /* Sources */ = {
			isa = PBXSourcesBuildPhase;
			buildActionMask = 2147483647;
			files = (
				8A3950032A0A46BE0057D3F8 /* ScrumdingerUITestsLaunchTests.swift in Sources */,
				8A3950012A0A46BE0057D3F8 /* ScrumdingerUITests.swift in Sources */,
			);
			runOnlyForDeploymentPostprocessing = 0;
		};
/* End PBXSourcesBuildPhase section */

/* Begin PBXTargetDependency section */
		8A394FF42A0A46BE0057D3F8 /* PBXTargetDependency */ = {
			isa = PBXTargetDependency;
			target = 8A394FE12A0A46BC0057D3F8 /* Scrumdinger */;
			targetProxy = 8A394FF32A0A46BE0057D3F8 /* PBXContainerItemProxy */;
		};
		8A394FFE2A0A46BE0057D3F8 /* PBXTargetDependency */ = {
			isa = PBXTargetDependency;
			target = 8A394FE12A0A46BC0057D3F8 /* Scrumdinger */;
			targetProxy = 8A394FFD2A0A46BE0057D3F8 /* PBXContainerItemProxy */;
		};
/* End PBXTargetDependency section */

/* Begin XCBuildConfiguration section */
		8A3950042A0A46BE0057D3F8 /* Debug */ = {
			isa = XCBuildConfiguration;
			buildSettings = {
				ALWAYS_SEARCH_USER_PATHS = NO;
				CLANG_ANALYZER_NONNULL = YES;
				CLANG_ANALYZER_NUMBER_OBJECT_CONVERSION = YES_AGGRESSIVE;
				CLANG_CXX_LANGUAGE_STANDARD = "gnu++20";
				CLANG_ENABLE_MODULES = YES;
				CLANG_ENABLE_OBJC_ARC = YES;
				CLANG_ENABLE_OBJC_WEAK = YES;
				CLANG_WARN_BLOCK_CAPTURE_AUTORELEASING = YES;
				CLANG_WARN_BOOL_CONVERSION = YES;
				CLANG_WARN_COMMA = YES;
				CLANG_WARN_CONSTANT_CONVERSION = YES;
				CLANG_WARN_DEPRECATED_OBJC_IMPLEMENTATIONS = YES;
				CLANG_WARN_DIRECT_OBJC_ISA_USAGE = YES_ERROR;
				CLANG_WARN_DOCUMENTATION_COMMENTS = YES;
				CLANG_WARN_EMPTY_BODY = YES;
				CLANG_WARN_ENUM_CONVERSION = YES;
				CLANG_WARN_INFINITE_RECURSION = YES;
				CLANG_WARN_INT_CONVERSION = YES;
				CLANG_WARN_NON_LITERAL_NULL_CONVERSION = YES;
				CLANG_WARN_OBJC_IMPLICIT_RETAIN_SELF = YES;
				CLANG_WARN_OBJC_LITERAL_CONVERSION = YES;
				CLANG_WARN_OBJC_ROOT_CLASS = YES_ERROR;
				CLANG_WARN_QUOTED_INCLUDE_IN_FRAMEWORK_HEADER = YES;
				CLANG_WARN_RANGE_LOOP_ANALYSIS = YES;
				CLANG_WARN_STRICT_PROTOTYPES = YES;
				CLANG_WARN_SUSPICIOUS_MOVE = YES;
				CLANG_WARN_UNGUARDED_AVAILABILITY = YES_AGGRESSIVE;
				CLANG_WARN_UNREACHABLE_CODE = YES;
				CLANG_WARN__DUPLICATE_METHOD_MATCH = YES;
				COPY_PHASE_STRIP = NO;
				DEBUG_INFORMATION_FORMAT = dwarf;
				ENABLE_STRICT_OBJC_MSGSEND = YES;
				ENABLE_TESTABILITY = YES;
				GCC_C_LANGUAGE_STANDARD = gnu11;
				GCC_DYNAMIC_NO_PIC = NO;
				GCC_NO_COMMON_BLOCKS = YES;
				GCC_OPTIMIZATION_LEVEL = 0;
				GCC_PREPROCESSOR_DEFINITIONS = (
					"DEBUG=1",
					"$(inherited)",
				);
				GCC_WARN_64_TO_32_BIT_CONVERSION = YES;
				GCC_WARN_ABOUT_RETURN_TYPE = YES_ERROR;
				GCC_WARN_UNDECLARED_SELECTOR = YES;
				GCC_WARN_UNINITIALIZED_AUTOS = YES_AGGRESSIVE;
				GCC_WARN_UNUSED_FUNCTION = YES;
				GCC_WARN_UNUSED_VARIABLE = YES;
				IPHONEOS_DEPLOYMENT_TARGET = 16.2;
				MTL_ENABLE_DEBUG_INFO = INCLUDE_SOURCE;
				MTL_FAST_MATH = YES;
				ONLY_ACTIVE_ARCH = YES;
				SDKROOT = iphoneos;
				SWIFT_ACTIVE_COMPILATION_CONDITIONS = DEBUG;
				SWIFT_OPTIMIZATION_LEVEL = "-Onone";
			};
			name = Debug;
		};
		8A3950052A0A46BE0057D3F8 /* Release */ = {
			isa = XCBuildConfiguration;
			buildSettings = {
				ALWAYS_SEARCH_USER_PATHS = NO;
				CLANG_ANALYZER_NONNULL = YES;
				CLANG_ANALYZER_NUMBER_OBJECT_CONVERSION = YES_AGGRESSIVE;
				CLANG_CXX_LANGUAGE_STANDARD = "gnu++20";
				CLANG_ENABLE_MODULES = YES;
				CLANG_ENABLE_OBJC_ARC = YES;
				CLANG_ENABLE_OBJC_WEAK = YES;
				CLANG_WARN_BLOCK_CAPTURE_AUTORELEASING = YES;
				CLANG_WARN_BOOL_CONVERSION = YES;
				CLANG_WARN_COMMA = YES;
				CLANG_WARN_CONSTANT_CONVERSION = YES;
				CLANG_WARN_DEPRECATED_OBJC_IMPLEMENTATIONS = YES;
				CLANG_WARN_DIRECT_OBJC_ISA_USAGE = YES_ERROR;
				CLANG_WARN_DOCUMENTATION_COMMENTS = YES;
				CLANG_WARN_EMPTY_BODY = YES;
				CLANG_WARN_ENUM_CONVERSION = YES;
				CLANG_WARN_INFINITE_RECURSION = YES;
				CLANG_WARN_INT_CONVERSION = YES;
				CLANG_WARN_NON_LITERAL_NULL_CONVERSION = YES;
				CLANG_WARN_OBJC_IMPLICIT_RETAIN_SELF = YES;
				CLANG_WARN_OBJC_LITERAL_CONVERSION = YES;
				CLANG_WARN_OBJC_ROOT_CLASS = YES_ERROR;
				CLANG_WARN_QUOTED_INCLUDE_IN_FRAMEWORK_HEADER = YES;
				CLANG_WARN_RANGE_LOOP_ANALYSIS = YES;
				CLANG_WARN_STRICT_PROTOTYPES = YES;
				CLANG_WARN_SUSPICIOUS_MOVE = YES;
				CLANG_WARN_UNGUARDED_AVAILABILITY = YES_AGGRESSIVE;
				CLANG_WARN_UNREACHABLE_CODE = YES;
				CLANG_WARN__DUPLICATE_METHOD_MATCH = YES;
				COPY_PHASE_STRIP = NO;
				DEBUG_INFORMATION_FORMAT = "dwarf-with-dsym";
				ENABLE_NS_ASSERTIONS = NO;
				ENABLE_STRICT_OBJC_MSGSEND = YES;
				GCC_C_LANGUAGE_STANDARD = gnu11;
				GCC_NO_COMMON_BLOCKS = YES;
				GCC_WARN_64_TO_32_BIT_CONVERSION = YES;
				GCC_WARN_ABOUT_RETURN_TYPE = YES_ERROR;
				GCC_WARN_UNDECLARED_SELECTOR = YES;
				GCC_WARN_UNINITIALIZED_AUTOS = YES_AGGRESSIVE;
				GCC_WARN_UNUSED_FUNCTION = YES;
				GCC_WARN_UNUSED_VARIABLE = YES;
				IPHONEOS_DEPLOYMENT_TARGET = 16.2;
				MTL_ENABLE_DEBUG_INFO = NO;
				MTL_FAST_MATH = YES;
				SDKROOT = iphoneos;
				SWIFT_COMPILATION_MODE = wholemodule;
				SWIFT_OPTIMIZATION_LEVEL = "-O";
				VALIDATE_PRODUCT = YES;
			};
			name = Release;
		};
		8A3950072A0A46BE0057D3F8 /* Debug */ = {
			isa = XCBuildConfiguration;
			buildSettings = {
				ASSETCATALOG_COMPILER_APPICON_NAME = AppIcon;
				ASSETCATALOG_COMPILER_GLOBAL_ACCENT_COLOR_NAME = AccentColor;
				CODE_SIGN_STYLE = Automatic;
				CURRENT_PROJECT_VERSION = 1;
				DEVELOPMENT_ASSET_PATHS = "\"Scrumdinger/Preview Content\"";
				DEVELOPMENT_TEAM = QQ5LW55G4T;
				ENABLE_PREVIEWS = YES;
				GENERATE_INFOPLIST_FILE = YES;
				INFOPLIST_KEY_UIApplicationSceneManifest_Generation = YES;
				INFOPLIST_KEY_UIApplicationSupportsIndirectInputEvents = YES;
				INFOPLIST_KEY_UILaunchScreen_Generation = YES;
				INFOPLIST_KEY_UISupportedInterfaceOrientations_iPad = "UIInterfaceOrientationPortrait UIInterfaceOrientationPortraitUpsideDown UIInterfaceOrientationLandscapeLeft UIInterfaceOrientationLandscapeRight";
				INFOPLIST_KEY_UISupportedInterfaceOrientations_iPhone = "UIInterfaceOrientationPortrait UIInterfaceOrientationLandscapeLeft UIInterfaceOrientationLandscapeRight";
				LD_RUNPATH_SEARCH_PATHS = (
					"$(inherited)",
					"@executable_path/Frameworks",
				);
				MARKETING_VERSION = 1.0;
				PRODUCT_BUNDLE_IDENTIFIER = com.tapija.Scrumdinger;
				PRODUCT_NAME = "$(TARGET_NAME)";
				SWIFT_EMIT_LOC_STRINGS = YES;
				SWIFT_VERSION = 5.0;
				TARGETED_DEVICE_FAMILY = "1,2";
			};
			name = Debug;
		};
		8A3950082A0A46BE0057D3F8 /* Release */ = {
			isa = XCBuildConfiguration;
			buildSettings = {
				ASSETCATALOG_COMPILER_APPICON_NAME = AppIcon;
				ASSETCATALOG_COMPILER_GLOBAL_ACCENT_COLOR_NAME = AccentColor;
				CODE_SIGN_STYLE = Automatic;
				CURRENT_PROJECT_VERSION = 1;
				DEVELOPMENT_ASSET_PATHS = "\"Scrumdinger/Preview Content\"";
				DEVELOPMENT_TEAM = QQ5LW55G4T;
				ENABLE_PREVIEWS = YES;
				GENERATE_INFOPLIST_FILE = YES;
				INFOPLIST_KEY_UIApplicationSceneManifest_Generation = YES;
				INFOPLIST_KEY_UIApplicationSupportsIndirectInputEvents = YES;
				INFOPLIST_KEY_UILaunchScreen_Generation = YES;
				INFOPLIST_KEY_UISupportedInterfaceOrientations_iPad = "UIInterfaceOrientationPortrait UIInterfaceOrientationPortraitUpsideDown UIInterfaceOrientationLandscapeLeft UIInterfaceOrientationLandscapeRight";
				INFOPLIST_KEY_UISupportedInterfaceOrientations_iPhone = "UIInterfaceOrientationPortrait UIInterfaceOrientationLandscapeLeft UIInterfaceOrientationLandscapeRight";
				LD_RUNPATH_SEARCH_PATHS = (
					"$(inherited)",
					"@executable_path/Frameworks",
				);
				MARKETING_VERSION = 1.0;
				PRODUCT_BUNDLE_IDENTIFIER = com.tapija.Scrumdinger;
				PRODUCT_NAME = "$(TARGET_NAME)";
				SWIFT_EMIT_LOC_STRINGS = YES;
				SWIFT_VERSION = 5.0;
				TARGETED_DEVICE_FAMILY = "1,2";
			};
			name = Release;
		};
		8A39500A2A0A46BE0057D3F8 /* Debug */ = {
			isa = XCBuildConfiguration;
			buildSettings = {
				ALWAYS_EMBED_SWIFT_STANDARD_LIBRARIES = YES;
				BUNDLE_LOADER = "$(TEST_HOST)";
				CODE_SIGN_STYLE = Automatic;
				CURRENT_PROJECT_VERSION = 1;
				DEVELOPMENT_TEAM = QQ5LW55G4T;
				GENERATE_INFOPLIST_FILE = YES;
				IPHONEOS_DEPLOYMENT_TARGET = 16.2;
				MARKETING_VERSION = 1.0;
				PRODUCT_BUNDLE_IDENTIFIER = com.tapija.ScrumdingerTests;
				PRODUCT_NAME = "$(TARGET_NAME)";
				SWIFT_EMIT_LOC_STRINGS = NO;
				SWIFT_VERSION = 5.0;
				TARGETED_DEVICE_FAMILY = "1,2";
				TEST_HOST = "$(BUILT_PRODUCTS_DIR)/Scrumdinger.app/$(BUNDLE_EXECUTABLE_FOLDER_PATH)/Scrumdinger";
			};
			name = Debug;
		};
		8A39500B2A0A46BE0057D3F8 /* Release */ = {
			isa = XCBuildConfiguration;
			buildSettings = {
				ALWAYS_EMBED_SWIFT_STANDARD_LIBRARIES = YES;
				BUNDLE_LOADER = "$(TEST_HOST)";
				CODE_SIGN_STYLE = Automatic;
				CURRENT_PROJECT_VERSION = 1;
				DEVELOPMENT_TEAM = QQ5LW55G4T;
				GENERATE_INFOPLIST_FILE = YES;
				IPHONEOS_DEPLOYMENT_TARGET = 16.2;
				MARKETING_VERSION = 1.0;
				PRODUCT_BUNDLE_IDENTIFIER = com.tapija.ScrumdingerTests;
				PRODUCT_NAME = "$(TARGET_NAME)";
				SWIFT_EMIT_LOC_STRINGS = NO;
				SWIFT_VERSION = 5.0;
				TARGETED_DEVICE_FAMILY = "1,2";
				TEST_HOST = "$(BUILT_PRODUCTS_DIR)/Scrumdinger.app/$(BUNDLE_EXECUTABLE_FOLDER_PATH)/Scrumdinger";
			};
			name = Release;
		};
		8A39500D2A0A46BE0057D3F8 /* Debug */ = {
			isa = XCBuildConfiguration;
			buildSettings = {
				ALWAYS_EMBED_SWIFT_STANDARD_LIBRARIES = YES;
				CODE_SIGN_STYLE = Automatic;
				CURRENT_PROJECT_VERSION = 1;
				DEVELOPMENT_TEAM = QQ5LW55G4T;
				GENERATE_INFOPLIST_FILE = YES;
				MARKETING_VERSION = 1.0;
				PRODUCT_BUNDLE_IDENTIFIER = com.tapija.ScrumdingerUITests;
				PRODUCT_NAME = "$(TARGET_NAME)";
				SWIFT_EMIT_LOC_STRINGS = NO;
				SWIFT_VERSION = 5.0;
				TARGETED_DEVICE_FAMILY = "1,2";
				TEST_TARGET_NAME = Scrumdinger;
			};
			name = Debug;
		};
		8A39500E2A0A46BE0057D3F8 /* Release */ = {
			isa = XCBuildConfiguration;
			buildSettings = {
				ALWAYS_EMBED_SWIFT_STANDARD_LIBRARIES = YES;
				CODE_SIGN_STYLE = Automatic;
				CURRENT_PROJECT_VERSION = 1;
				DEVELOPMENT_TEAM = QQ5LW55G4T;
				GENERATE_INFOPLIST_FILE = YES;
				MARKETING_VERSION = 1.0;
				PRODUCT_BUNDLE_IDENTIFIER = com.tapija.ScrumdingerUITests;
				PRODUCT_NAME = "$(TARGET_NAME)";
				SWIFT_EMIT_LOC_STRINGS = NO;
				SWIFT_VERSION = 5.0;
				TARGETED_DEVICE_FAMILY = "1,2";
				TEST_TARGET_NAME = Scrumdinger;
			};
			name = Release;
		};
/* End XCBuildConfiguration section */

/* Begin XCConfigurationList section */
		8A394FDD2A0A46BC0057D3F8 /* Build configuration list for PBXProject "Scrumdinger" */ = {
			isa = XCConfigurationList;
			buildConfigurations = (
				8A3950042A0A46BE0057D3F8 /* Debug */,
				8A3950052A0A46BE0057D3F8 /* Release */,
			);
			defaultConfigurationIsVisible = 0;
			defaultConfigurationName = Release;
		};
		8A3950062A0A46BE0057D3F8 /* Build configuration list for PBXNativeTarget "Scrumdinger" */ = {
			isa = XCConfigurationList;
			buildConfigurations = (
				8A3950072A0A46BE0057D3F8 /* Debug */,
				8A3950082A0A46BE0057D3F8 /* Release */,
			);
			defaultConfigurationIsVisible = 0;
			defaultConfigurationName = Release;
		};
		8A3950092A0A46BE0057D3F8 /* Build configuration list for PBXNativeTarget "ScrumdingerTests" */ = {
			isa = XCConfigurationList;
			buildConfigurations = (
				8A39500A2A0A46BE0057D3F8 /* Debug */,
				8A39500B2A0A46BE0057D3F8 /* Release */,
			);
			defaultConfigurationIsVisible = 0;
			defaultConfigurationName = Release;
		};
		8A39500C2A0A46BE0057D3F8 /* Build configuration list for PBXNativeTarget "ScrumdingerUITests" */ = {
			isa = XCConfigurationList;
			buildConfigurations = (
				8A39500D2A0A46BE0057D3F8 /* Debug */,
				8A39500E2A0A46BE0057D3F8 /* Release */,
			);
			defaultConfigurationIsVisible = 0;
			defaultConfigurationName = Release;
		};
/* End XCConfigurationList section */
	};
	rootObject = 8A394FDA2A0A46BC0057D3F8 /* Project object */;
}
